
Microsoft Visual Studio Solution File, Format Version 12.00
# Visual Studio 15
VisualStudioVersion = 15.0.27703.2026
MinimumVisualStudioVersion = 10.0.40219.1
Project("{FAE04EC0-301F-11D3-BF4B-00C04F79EFBC}") = "MissingCollectionElements", "MissingCollectionElements\MissingCollectionElements.csproj", "{6932D10D-3B09-4A28-9E8A-5237C4D12BDB}"
EndProject
Global
	GlobalSection(SolutionConfigurationPlatforms) = preSolution
		Debug|Any CPU = Debug|Any CPU
		Release|Any CPU = Release|Any CPU
	EndGlobalSection
	GlobalSection(ProjectConfigurationPlatforms) = postSolution
		{6932D10D-3B09-4A28-9E8A-5237C4D12BDB}.Debug|Any CPU.ActiveCfg = Debug|Any CPU
		{6932D10D-3B09-4A28-9E8A-5237C4D12BDB}.Debug|Any CPU.Build.0 = Debug|Any CPU
		{6932D10D-3B09-4A28-9E8A-5237C4D12BDB}.Release|Any CPU.ActiveCfg = Release|Any CPU
		{6932D10D-3B09-4A28-9E8A-5237C4D12BDB}.Release|Any CPU.Build.0 = Release|Any CPU
	EndGlobalSection
	GlobalSection(SolutionProperties) = preSolution
		HideSolutionNode = FALSE
	EndGlobalSection
	GlobalSection(ExtensibilityGlobals) = postSolution
		SolutionGuid = {9571AB2E-385F-42CA-82D6-75A373DB224E}
	EndGlobalSection
EndGlobal
